
Microsoft Visual Studio Solution File, Format Version 12.00
#
Project("{2150E333-8FDC-42A3-9474-1A3956D46DE8}") = ".docker", ".docker", "{3A59BB6C-580C-47F0-8E7C-40F3E1D896D0}"
	ProjectSection(SolutionItems) = preProject
		docker-compose.yml = docker-compose.yml
		local-infra.yml = local-infra.yml
		.dockerignore = .dockerignore
	EndProjectSection
EndProject
Project("{2150E333-8FDC-42A3-9474-1A3956D46DE8}") = ".files", ".files", "{61DBEDDD-8598-4A03-A107-A05485F968CE}"
	ProjectSection(SolutionItems) = preProject
		readme.md = readme.md
		tye.yaml = tye.yaml
	EndProjectSection
EndProject
Project("{FAE04EC0-301F-11D3-BF4B-00C04F79EFBC}") = "Admin", "src\Admin\Admin.csproj", "{A10CE326-0725-459B-864D-83BBD8E13034}"
EndProject
Project("{FAE04EC0-301F-11D3-BF4B-00C04F79EFBC}") = "Backend", "src\Backend\Backend.csproj", "{C875A4ED-3F9F-435F-96AE-5AE7509D0479}"
EndProject
Project("{FAE04EC0-301F-11D3-BF4B-00C04F79EFBC}") = "Client", "src\Client\Client.csproj", "{EC1FDF11-B548-404D-BE34-922926C2468E}"
EndProject
Project("{FAE04EC0-301F-11D3-BF4B-00C04F79EFBC}") = "Frontend", "src\Frontend\Frontend.csproj", "{6D8662D3-B908-4EE6-AACF-47B115724E9D}"
EndProject
Project("{FAE04EC0-301F-11D3-BF4B-00C04F79EFBC}") = "Registration", "src\Registration\Registration.csproj", "{262A03BF-37AF-461D-A3A1-B0B523AC15C1}"
EndProject
Project("{FAE04EC0-301F-11D3-BF4B-00C04F79EFBC}") = "Backend.FunctionalTests", "tests\Backend.FunctionalTests\Backend.FunctionalTests.csproj", "{5F0C9962-A086-4485-8F71-21A956DDBAA0}"
EndProject
Project("{FAE04EC0-301F-11D3-BF4B-00C04F79EFBC}") = "Modules.Widgets.IntegrationTests", "tests\Modules.Widgets.IntegrationTests\Modules.Widgets.IntegrationTests.csproj", "{AE4A616F-EE8F-4112-8D46-7B89DA71684D}"
EndProject
Project("{FAE04EC0-301F-11D3-BF4B-00C04F79EFBC}") = "Modules.Widgets.UnitTests", "tests\Modules.Widgets.UnitTests\Modules.Widgets.UnitTests.csproj", "{5686EB1A-2C59-4512-B8F2-EB5E9A30E0F8}"
EndProject
Project("{FAE04EC0-301F-11D3-BF4B-00C04F79EFBC}") = "EndToEndTests", "tests\EndToEndTests\EndToEndTests.csproj", "{82CFBE35-5D83-4440-8E64-3A9157DABDD2}"
EndProject
Project("{FAE04EC0-301F-11D3-BF4B-00C04F79EFBC}") = "Modules.Statistics", "src\Modules.Statistics\Modules.Statistics.csproj", "{7DAF88CE-565F-444B-A1CE-31724157B7CF}"
EndProject
Project("{FAE04EC0-301F-11D3-BF4B-00C04F79EFBC}") = "Modules", "src\Modules\Modules.csproj", "{CCE2FC28-AB0E-4D5B-A33C-E3E42893C6C2}"
EndProject
Project("{FAE04EC0-301F-11D3-BF4B-00C04F79EFBC}") = "Modules.Tenants", "src\Modules.Tenants\Modules.Tenants.csproj", "{B3B552FE-924A-4F72-B756-E06AF9E02A58}"
EndProject
Project("{FAE04EC0-301F-11D3-BF4B-00C04F79EFBC}") = "Modules.Widgets", "src\Modules.Widgets\Modules.Widgets.csproj", "{A8DB894E-6816-43CE-B818-BE0DF891D344}"
EndProject
Project("{FAE04EC0-301F-11D3-BF4B-00C04F79EFBC}") = "Modules.Settings", "src\Modules.Settings\Modules.Settings.csproj", "{204EAF73-728E-4AE7-80A0-93CD53359B93}"
EndProject
Project("{2150E333-8FDC-42A3-9474-1A3956D46DE8}") = "backend", "backend", "{0C60780D-0ACA-4D07-AF20-7A58B24E8B5A}"
EndProject
Project("{FAE04EC0-301F-11D3-BF4B-00C04F79EFBC}") = "Modules.Tenants.IntegrationTests", "tests\Modules.Tenants.IntegrationTests\Modules.Tenants.IntegrationTests.csproj", "{983CF288-DDD8-43F6-ADBD-88961D89F72D}"
EndProject
Project("{FAE04EC0-301F-11D3-BF4B-00C04F79EFBC}") = "Modules.Settings.IntegrationTests", "tests\Modules.Settings.IntegrationTests\Modules.Settings.IntegrationTests.csproj", "{CD307B35-5A4F-4B94-BC25-2A5961B860D0}"
EndProject
Project("{FAE04EC0-301F-11D3-BF4B-00C04F79EFBC}") = "Modules.Tenants.Messages", "src\Modules.Tenants.Messages\Modules.Tenants.Messages.csproj", "{E9C50460-E331-4837-868F-45F4BF1899E9}"
EndProject
Project("{2150E333-8FDC-42A3-9474-1A3956D46DE8}") = "modules", "modules", "{61D94633-A13C-4EBB-89ED-02DEF0C7A9D9}"
EndProject
Project("{FAE04EC0-301F-11D3-BF4B-00C04F79EFBC}") = "Modules.Registrations", "src\Modules.Registrations\Modules.Registrations.csproj", "{EA3D5BDE-5E66-4E8C-9990-0F21D84467B7}"
EndProject
Project("{FAE04EC0-301F-11D3-BF4B-00C04F79EFBC}") = "Modules.Registrations.Messages", "src\Modules.Registrations.Messages\Modules.Registrations.Messages.csproj", "{CB6E4389-8337-4403-9D49-8F2A6FB6C789}"
EndProject
Project("{FAE04EC0-301F-11D3-BF4B-00C04F79EFBC}") = "Modules.Registrations.IntegrationTests", "tests\Modules.Registrations.IntegrationTests\Modules.Registrations.IntegrationTests.csproj", "{BA603F9B-CC1E-4C7C-9D3E-B115EE0CF0BF}"
EndProject
Project("{2150E333-8FDC-42A3-9474-1A3956D46DE8}") = "web", "web", "{EE2E98FB-6812-48B6-A206-7662C8204C37}"
EndProject
Global
	GlobalSection(SolutionConfigurationPlatforms) = preSolution
		Debug|Any CPU = Debug|Any CPU
		Release|Any CPU = Release|Any CPU
	EndGlobalSection
	GlobalSection(ProjectConfigurationPlatforms) = postSolution
		{A10CE326-0725-459B-864D-83BBD8E13034}.Debug|Any CPU.ActiveCfg = Debug|Any CPU
		{A10CE326-0725-459B-864D-83BBD8E13034}.Debug|Any CPU.Build.0 = Debug|Any CPU
		{A10CE326-0725-459B-864D-83BBD8E13034}.Release|Any CPU.ActiveCfg = Release|Any CPU
		{A10CE326-0725-459B-864D-83BBD8E13034}.Release|Any CPU.Build.0 = Release|Any CPU
		{C875A4ED-3F9F-435F-96AE-5AE7509D0479}.Debug|Any CPU.ActiveCfg = Debug|Any CPU
		{C875A4ED-3F9F-435F-96AE-5AE7509D0479}.Debug|Any CPU.Build.0 = Debug|Any CPU
		{C875A4ED-3F9F-435F-96AE-5AE7509D0479}.Release|Any CPU.ActiveCfg = Release|Any CPU
		{C875A4ED-3F9F-435F-96AE-5AE7509D0479}.Release|Any CPU.Build.0 = Release|Any CPU
		{EC1FDF11-B548-404D-BE34-922926C2468E}.Debug|Any CPU.ActiveCfg = Debug|Any CPU
		{EC1FDF11-B548-404D-BE34-922926C2468E}.Debug|Any CPU.Build.0 = Debug|Any CPU
		{EC1FDF11-B548-404D-BE34-922926C2468E}.Release|Any CPU.ActiveCfg = Release|Any CPU
		{EC1FDF11-B548-404D-BE34-922926C2468E}.Release|Any CPU.Build.0 = Release|Any CPU
		{6D8662D3-B908-4EE6-AACF-47B115724E9D}.Debug|Any CPU.ActiveCfg = Debug|Any CPU
		{6D8662D3-B908-4EE6-AACF-47B115724E9D}.Debug|Any CPU.Build.0 = Debug|Any CPU
		{6D8662D3-B908-4EE6-AACF-47B115724E9D}.Release|Any CPU.ActiveCfg = Release|Any CPU
		{6D8662D3-B908-4EE6-AACF-47B115724E9D}.Release|Any CPU.Build.0 = Release|Any CPU
		{262A03BF-37AF-461D-A3A1-B0B523AC15C1}.Debug|Any CPU.ActiveCfg = Debug|Any CPU
		{262A03BF-37AF-461D-A3A1-B0B523AC15C1}.Debug|Any CPU.Build.0 = Debug|Any CPU
		{262A03BF-37AF-461D-A3A1-B0B523AC15C1}.Release|Any CPU.ActiveCfg = Release|Any CPU
		{262A03BF-37AF-461D-A3A1-B0B523AC15C1}.Release|Any CPU.Build.0 = Release|Any CPU
		{5F0C9962-A086-4485-8F71-21A956DDBAA0}.Debug|Any CPU.ActiveCfg = Debug|Any CPU
		{5F0C9962-A086-4485-8F71-21A956DDBAA0}.Debug|Any CPU.Build.0 = Debug|Any CPU
		{5F0C9962-A086-4485-8F71-21A956DDBAA0}.Release|Any CPU.ActiveCfg = Release|Any CPU
		{5F0C9962-A086-4485-8F71-21A956DDBAA0}.Release|Any CPU.Build.0 = Release|Any CPU
		{AE4A616F-EE8F-4112-8D46-7B89DA71684D}.Debug|Any CPU.ActiveCfg = Debug|Any CPU
		{AE4A616F-EE8F-4112-8D46-7B89DA71684D}.Debug|Any CPU.Build.0 = Debug|Any CPU
		{AE4A616F-EE8F-4112-8D46-7B89DA71684D}.Release|Any CPU.ActiveCfg = Release|Any CPU
		{AE4A616F-EE8F-4112-8D46-7B89DA71684D}.Release|Any CPU.Build.0 = Release|Any CPU
		{5686EB1A-2C59-4512-B8F2-EB5E9A30E0F8}.Debug|Any CPU.ActiveCfg = Debug|Any CPU
		{5686EB1A-2C59-4512-B8F2-EB5E9A30E0F8}.Debug|Any CPU.Build.0 = Debug|Any CPU
		{5686EB1A-2C59-4512-B8F2-EB5E9A30E0F8}.Release|Any CPU.ActiveCfg = Release|Any CPU
		{5686EB1A-2C59-4512-B8F2-EB5E9A30E0F8}.Release|Any CPU.Build.0 = Release|Any CPU
		{82CFBE35-5D83-4440-8E64-3A9157DABDD2}.Debug|Any CPU.ActiveCfg = Debug|Any CPU
		{82CFBE35-5D83-4440-8E64-3A9157DABDD2}.Debug|Any CPU.Build.0 = Debug|Any CPU
		{82CFBE35-5D83-4440-8E64-3A9157DABDD2}.Release|Any CPU.ActiveCfg = Release|Any CPU
		{82CFBE35-5D83-4440-8E64-3A9157DABDD2}.Release|Any CPU.Build.0 = Release|Any CPU
		{7DAF88CE-565F-444B-A1CE-31724157B7CF}.Debug|Any CPU.ActiveCfg = Debug|Any CPU
		{7DAF88CE-565F-444B-A1CE-31724157B7CF}.Debug|Any CPU.Build.0 = Debug|Any CPU
		{7DAF88CE-565F-444B-A1CE-31724157B7CF}.Release|Any CPU.ActiveCfg = Release|Any CPU
		{7DAF88CE-565F-444B-A1CE-31724157B7CF}.Release|Any CPU.Build.0 = Release|Any CPU
		{CCE2FC28-AB0E-4D5B-A33C-E3E42893C6C2}.Debug|Any CPU.ActiveCfg = Debug|Any CPU
		{CCE2FC28-AB0E-4D5B-A33C-E3E42893C6C2}.Debug|Any CPU.Build.0 = Debug|Any CPU
		{CCE2FC28-AB0E-4D5B-A33C-E3E42893C6C2}.Release|Any CPU.ActiveCfg = Release|Any CPU
		{CCE2FC28-AB0E-4D5B-A33C-E3E42893C6C2}.Release|Any CPU.Build.0 = Release|Any CPU
		{B3B552FE-924A-4F72-B756-E06AF9E02A58}.Debug|Any CPU.ActiveCfg = Debug|Any CPU
		{B3B552FE-924A-4F72-B756-E06AF9E02A58}.Debug|Any CPU.Build.0 = Debug|Any CPU
		{B3B552FE-924A-4F72-B756-E06AF9E02A58}.Release|Any CPU.ActiveCfg = Release|Any CPU
		{B3B552FE-924A-4F72-B756-E06AF9E02A58}.Release|Any CPU.Build.0 = Release|Any CPU
		{A8DB894E-6816-43CE-B818-BE0DF891D344}.Debug|Any CPU.ActiveCfg = Debug|Any CPU
		{A8DB894E-6816-43CE-B818-BE0DF891D344}.Debug|Any CPU.Build.0 = Debug|Any CPU
		{A8DB894E-6816-43CE-B818-BE0DF891D344}.Release|Any CPU.ActiveCfg = Release|Any CPU
		{A8DB894E-6816-43CE-B818-BE0DF891D344}.Release|Any CPU.Build.0 = Release|Any CPU
		{204EAF73-728E-4AE7-80A0-93CD53359B93}.Debug|Any CPU.ActiveCfg = Debug|Any CPU
		{204EAF73-728E-4AE7-80A0-93CD53359B93}.Debug|Any CPU.Build.0 = Debug|Any CPU
		{204EAF73-728E-4AE7-80A0-93CD53359B93}.Release|Any CPU.ActiveCfg = Release|Any CPU
		{204EAF73-728E-4AE7-80A0-93CD53359B93}.Release|Any CPU.Build.0 = Release|Any CPU
		{983CF288-DDD8-43F6-ADBD-88961D89F72D}.Debug|Any CPU.ActiveCfg = Debug|Any CPU
		{983CF288-DDD8-43F6-ADBD-88961D89F72D}.Debug|Any CPU.Build.0 = Debug|Any CPU
		{983CF288-DDD8-43F6-ADBD-88961D89F72D}.Release|Any CPU.ActiveCfg = Release|Any CPU
		{983CF288-DDD8-43F6-ADBD-88961D89F72D}.Release|Any CPU.Build.0 = Release|Any CPU
		{CD307B35-5A4F-4B94-BC25-2A5961B860D0}.Debug|Any CPU.ActiveCfg = Debug|Any CPU
		{CD307B35-5A4F-4B94-BC25-2A5961B860D0}.Debug|Any CPU.Build.0 = Debug|Any CPU
		{CD307B35-5A4F-4B94-BC25-2A5961B860D0}.Release|Any CPU.ActiveCfg = Release|Any CPU
		{CD307B35-5A4F-4B94-BC25-2A5961B860D0}.Release|Any CPU.Build.0 = Release|Any CPU
		{E9C50460-E331-4837-868F-45F4BF1899E9}.Debug|Any CPU.ActiveCfg = Debug|Any CPU
		{E9C50460-E331-4837-868F-45F4BF1899E9}.Debug|Any CPU.Build.0 = Debug|Any CPU
		{E9C50460-E331-4837-868F-45F4BF1899E9}.Release|Any CPU.ActiveCfg = Release|Any CPU
		{E9C50460-E331-4837-868F-45F4BF1899E9}.Release|Any CPU.Build.0 = Release|Any CPU
		{EA3D5BDE-5E66-4E8C-9990-0F21D84467B7}.Debug|Any CPU.ActiveCfg = Debug|Any CPU
		{EA3D5BDE-5E66-4E8C-9990-0F21D84467B7}.Debug|Any CPU.Build.0 = Debug|Any CPU
		{EA3D5BDE-5E66-4E8C-9990-0F21D84467B7}.Release|Any CPU.ActiveCfg = Release|Any CPU
		{EA3D5BDE-5E66-4E8C-9990-0F21D84467B7}.Release|Any CPU.Build.0 = Release|Any CPU
		{CB6E4389-8337-4403-9D49-8F2A6FB6C789}.Debug|Any CPU.ActiveCfg = Debug|Any CPU
		{CB6E4389-8337-4403-9D49-8F2A6FB6C789}.Debug|Any CPU.Build.0 = Debug|Any CPU
		{CB6E4389-8337-4403-9D49-8F2A6FB6C789}.Release|Any CPU.ActiveCfg = Release|Any CPU
		{CB6E4389-8337-4403-9D49-8F2A6FB6C789}.Release|Any CPU.Build.0 = Release|Any CPU
		{BA603F9B-CC1E-4C7C-9D3E-B115EE0CF0BF}.Debug|Any CPU.ActiveCfg = Debug|Any CPU
		{BA603F9B-CC1E-4C7C-9D3E-B115EE0CF0BF}.Debug|Any CPU.Build.0 = Debug|Any CPU
		{BA603F9B-CC1E-4C7C-9D3E-B115EE0CF0BF}.Release|Any CPU.ActiveCfg = Release|Any CPU
		{BA603F9B-CC1E-4C7C-9D3E-B115EE0CF0BF}.Release|Any CPU.Build.0 = Release|Any CPU
	EndGlobalSection
	GlobalSection(NestedProjects) = preSolution
		{C875A4ED-3F9F-435F-96AE-5AE7509D0479} = {0C60780D-0ACA-4D07-AF20-7A58B24E8B5A}
		{204EAF73-728E-4AE7-80A0-93CD53359B93} = {61D94633-A13C-4EBB-89ED-02DEF0C7A9D9}
		{7DAF88CE-565F-444B-A1CE-31724157B7CF} = {61D94633-A13C-4EBB-89ED-02DEF0C7A9D9}
		{B3B552FE-924A-4F72-B756-E06AF9E02A58} = {61D94633-A13C-4EBB-89ED-02DEF0C7A9D9}
		{E9C50460-E331-4837-868F-45F4BF1899E9} = {61D94633-A13C-4EBB-89ED-02DEF0C7A9D9}
		{A8DB894E-6816-43CE-B818-BE0DF891D344} = {61D94633-A13C-4EBB-89ED-02DEF0C7A9D9}
		{EA3D5BDE-5E66-4E8C-9990-0F21D84467B7} = {61D94633-A13C-4EBB-89ED-02DEF0C7A9D9}
		{CB6E4389-8337-4403-9D49-8F2A6FB6C789} = {61D94633-A13C-4EBB-89ED-02DEF0C7A9D9}
		{BA603F9B-CC1E-4C7C-9D3E-B115EE0CF0BF} = {61D94633-A13C-4EBB-89ED-02DEF0C7A9D9}
		{CD307B35-5A4F-4B94-BC25-2A5961B860D0} = {61D94633-A13C-4EBB-89ED-02DEF0C7A9D9}
		{983CF288-DDD8-43F6-ADBD-88961D89F72D} = {61D94633-A13C-4EBB-89ED-02DEF0C7A9D9}
		{AE4A616F-EE8F-4112-8D46-7B89DA71684D} = {61D94633-A13C-4EBB-89ED-02DEF0C7A9D9}
		{5686EB1A-2C59-4512-B8F2-EB5E9A30E0F8} = {61D94633-A13C-4EBB-89ED-02DEF0C7A9D9}
		{CCE2FC28-AB0E-4D5B-A33C-E3E42893C6C2} = {61D94633-A13C-4EBB-89ED-02DEF0C7A9D9}
		{5F0C9962-A086-4485-8F71-21A956DDBAA0} = {0C60780D-0ACA-4D07-AF20-7A58B24E8B5A}
		{A10CE326-0725-459B-864D-83BBD8E13034} = {EE2E98FB-6812-48B6-A206-7662C8204C37}
		{EC1FDF11-B548-404D-BE34-922926C2468E} = {EE2E98FB-6812-48B6-A206-7662C8204C37}
		{6D8662D3-B908-4EE6-AACF-47B115724E9D} = {EE2E98FB-6812-48B6-A206-7662C8204C37}
		{262A03BF-37AF-461D-A3A1-B0B523AC15C1} = {EE2E98FB-6812-48B6-A206-7662C8204C37}
	EndGlobalSection
EndGlobal
